// !$*UTF8*$!
{
	archiveVersion = 1;
	classes = {
	};
	objectVersion = 46;
	objects = {

/* Begin PBXBuildFile section */
		B64A97131A79DBC9005B0E36 /* main.m in Sources */ = {isa = PBXBuildFile; fileRef = B64A97121A79DBC9005B0E36 /* main.m */; };
		B64A97161A79DBC9005B0E36 /* AppDelegate.m in Sources */ = {isa = PBXBuildFile; fileRef = B64A97151A79DBC9005B0E36 /* AppDelegate.m */; };
		B64A97191A79DBCA005B0E36 /* ViewController.m in Sources */ = {isa = PBXBuildFile; fileRef = B64A97181A79DBC9005B0E36 /* ViewController.m */; };
		B64A971C1A79DBCA005B0E36 /* Main.storyboard in Resources */ = {isa = PBXBuildFile; fileRef = B64A971A1A79DBCA005B0E36 /* Main.storyboard */; };
		B64A971E1A79DBCA005B0E36 /* Images.xcassets in Resources */ = {isa = PBXBuildFile; fileRef = B64A971D1A79DBCA005B0E36 /* Images.xcassets */; };
		B64A97211A79DBCA005B0E36 /* LaunchScreen.xib in Resources */ = {isa = PBXBuildFile; fileRef = B64A971F1A79DBCA005B0E36 /* LaunchScreen.xib */; };
		B64A972D1A79DBCA005B0E36 /* MultilingualTests.m in Sources */ = {isa = PBXBuildFile; fileRef = B64A972C1A79DBCA005B0E36 /* MultilingualTests.m */; };
		B64A973A1A79DC94005B0E36 /* Localizable.strings in Resources */ = {isa = PBXBuildFile; fileRef = B64A97381A79DC94005B0E36 /* Localizable.strings */; };
		B64A973C1A79DC9B005B0E36 /* Info.plist in Resources */ = {isa = PBXBuildFile; fileRef = B64A97111A79DBC9005B0E36 /* Info.plist */; };
		B64A97431A79DD54005B0E36 /* Localisator.m in Sources */ = {isa = PBXBuildFile; fileRef = B64A97421A79DD54005B0E36 /* Localisator.m */; };
/* End PBXBuildFile section */

/* Begin PBXContainerItemProxy section */
		B64A97271A79DBCA005B0E36 /* PBXContainerItemProxy */ = {
			isa = PBXContainerItemProxy;
			containerPortal = B64A97051A79DBC9005B0E36 /* Project object */;
			proxyType = 1;
			remoteGlobalIDString = B64A970C1A79DBC9005B0E36;
			remoteInfo = Multilingual;
		};
/* End PBXContainerItemProxy section */

/* Begin PBXFileReference section */
		B64A970D1A79DBC9005B0E36 /* Multilingual.app */ = {isa = PBXFileReference; explicitFileType = wrapper.application; includeInIndex = 0; path = Multilingual.app; sourceTree = BUILT_PRODUCTS_DIR; };
		B64A97111A79DBC9005B0E36 /* Info.plist */ = {isa = PBXFileReference; fileEncoding = 4; lastKnownFileType = text.plist.xml; path = Info.plist; sourceTree = "<group>"; };
		B64A97121A79DBC9005B0E36 /* main.m */ = {isa = PBXFileReference; lastKnownFileType = sourcecode.c.objc; path = main.m; sourceTree = "<group>"; };
		B64A97141A79DBC9005B0E36 /* AppDelegate.h */ = {isa = PBXFileReference; lastKnownFileType = sourcecode.c.h; path = AppDelegate.h; sourceTree = "<group>"; };
		B64A97151A79DBC9005B0E36 /* AppDelegate.m */ = {isa = PBXFileReference; lastKnownFileType = sourcecode.c.objc; path = AppDelegate.m; sourceTree = "<group>"; };
		B64A97171A79DBC9005B0E36 /* ViewController.h */ = {isa = PBXFileReference; lastKnownFileType = sourcecode.c.h; path = ViewController.h; sourceTree = "<group>"; };
		B64A97181A79DBC9005B0E36 /* ViewController.m */ = {isa = PBXFileReference; lastKnownFileType = sourcecode.c.objc; path = ViewController.m; sourceTree = "<group>"; };
		B64A971B1A79DBCA005B0E36 /* Base */ = {isa = PBXFileReference; lastKnownFileType = file.storyboard; name = Base; path = Base.lproj/Main.storyboard; sourceTree = "<group>"; };
		B64A971D1A79DBCA005B0E36 /* Images.xcassets */ = {isa = PBXFileReference; lastKnownFileType = folder.assetcatalog; path = Images.xcassets; sourceTree = "<group>"; };
		B64A97201A79DBCA005B0E36 /* Base */ = {isa = PBXFileReference; lastKnownFileType = file.xib; name = Base; path = Base.lproj/LaunchScreen.xib; sourceTree = "<group>"; };
		B64A97261A79DBCA005B0E36 /* MultilingualTests.xctest */ = {isa = PBXFileReference; explicitFileType = wrapper.cfbundle; includeInIndex = 0; path = MultilingualTests.xctest; sourceTree = BUILT_PRODUCTS_DIR; };
		B64A972B1A79DBCA005B0E36 /* Info.plist */ = {isa = PBXFileReference; lastKnownFileType = text.plist.xml; path = Info.plist; sourceTree = "<group>"; };
		B64A972C1A79DBCA005B0E36 /* MultilingualTests.m */ = {isa = PBXFileReference; lastKnownFileType = sourcecode.c.objc; path = MultilingualTests.m; sourceTree = "<group>"; };
		B64A973B1A79DC9B005B0E36 /* zh-Hans */ = {isa = PBXFileReference; lastKnownFileType = text.plist.strings; name = "zh-Hans"; path = "zh-Hans.lproj/Localizable.strings"; sourceTree = "<group>"; };
		B64A973F1A79DD35005B0E36 /* English */ = {isa = PBXFileReference; lastKnownFileType = text.plist.strings; name = English; path = English.lproj/Localizable.strings; sourceTree = "<group>"; };
		B64A97411A79DD54005B0E36 /* Localisator.h */ = {isa = PBXFileReference; fileEncoding = 4; lastKnownFileType = sourcecode.c.h; path = Localisator.h; sourceTree = "<group>"; };
		B64A97421A79DD54005B0E36 /* Localisator.m */ = {isa = PBXFileReference; fileEncoding = 4; lastKnownFileType = sourcecode.c.objc; path = Localisator.m; sourceTree = "<group>"; };
/* End PBXFileReference section */

/* Begin PBXFrameworksBuildPhase section */
		B64A970A1A79DBC9005B0E36 /* Frameworks */ = {
			isa = PBXFrameworksBuildPhase;
			buildActionMask = 2147483647;
			files = (
			);
			runOnlyForDeploymentPostprocessing = 0;
		};
		B64A97231A79DBCA005B0E36 /* Frameworks */ = {
			isa = PBXFrameworksBuildPhase;
			buildActionMask = 2147483647;
			files = (
			);
			runOnlyForDeploymentPostprocessing = 0;
		};
/* End PBXFrameworksBuildPhase section */

/* Begin PBXGroup section */
		B64A97041A79DBC9005B0E36 = {
			isa = PBXGroup;
			children = (
				B64A970F1A79DBC9005B0E36 /* Multilingual */,
				B64A97291A79DBCA005B0E36 /* MultilingualTests */,
				B64A970E1A79DBC9005B0E36 /* Products */,
			);
			sourceTree = "<group>";
		};
		B64A970E1A79DBC9005B0E36 /* Products */ = {
			isa = PBXGroup;
			children = (
				B64A970D1A79DBC9005B0E36 /* Multilingual.app */,
				B64A97261A79DBCA005B0E36 /* MultilingualTests.xctest */,
			);
			name = Products;
			sourceTree = "<group>";
		};
		B64A970F1A79DBC9005B0E36 /* Multilingual */ = {
			isa = PBXGroup;
			children = (
				B64A97401A79DD54005B0E36 /* Language */,
				B64A97141A79DBC9005B0E36 /* AppDelegate.h */,
				B64A97151A79DBC9005B0E36 /* AppDelegate.m */,
				B64A97171A79DBC9005B0E36 /* ViewController.h */,
				B64A97181A79DBC9005B0E36 /* ViewController.m */,
				B64A971A1A79DBCA005B0E36 /* Main.storyboard */,
				B64A971D1A79DBCA005B0E36 /* Images.xcassets */,
				B64A971F1A79DBCA005B0E36 /* LaunchScreen.xib */,
				B64A97101A79DBC9005B0E36 /* Supporting Files */,
			);
			path = Multilingual;
			sourceTree = "<group>";
		};
		B64A97101A79DBC9005B0E36 /* Supporting Files */ = {
			isa = PBXGroup;
			children = (
				B64A97381A79DC94005B0E36 /* Localizable.strings */,
				B64A97111A79DBC9005B0E36 /* Info.plist */,
				B64A97121A79DBC9005B0E36 /* main.m */,
			);
			name = "Supporting Files";
			sourceTree = "<group>";
		};
		B64A97291A79DBCA005B0E36 /* MultilingualTests */ = {
			isa = PBXGroup;
			children = (
				B64A972C1A79DBCA005B0E36 /* MultilingualTests.m */,
				B64A972A1A79DBCA005B0E36 /* Supporting Files */,
			);
			path = MultilingualTests;
			sourceTree = "<group>";
		};
		B64A972A1A79DBCA005B0E36 /* Supporting Files */ = {
			isa = PBXGroup;
			children = (
				B64A972B1A79DBCA005B0E36 /* Info.plist */,
			);
			name = "Supporting Files";
			sourceTree = "<group>";
		};
		B64A97401A79DD54005B0E36 /* Language */ = {
			isa = PBXGroup;
			children = (
				B64A97411A79DD54005B0E36 /* Localisator.h */,
				B64A97421A79DD54005B0E36 /* Localisator.m */,
			);
			path = Language;
			sourceTree = "<group>";
		};
/* End PBXGroup section */

/* Begin PBXNativeTarget section */
		B64A970C1A79DBC9005B0E36 /* Multilingual */ = {
			isa = PBXNativeTarget;
			buildConfigurationList = B64A97301A79DBCA005B0E36 /* Build configuration list for PBXNativeTarget "Multilingual" */;
			buildPhases = (
				B64A97091A79DBC9005B0E36 /* Sources */,
				B64A970A1A79DBC9005B0E36 /* Frameworks */,
				B64A970B1A79DBC9005B0E36 /* Resources */,
			);
			buildRules = (
			);
			dependencies = (
			);
			name = Multilingual;
			productName = Multilingual;
			productReference = B64A970D1A79DBC9005B0E36 /* Multilingual.app */;
			productType = "com.apple.product-type.application";
		};
		B64A97251A79DBCA005B0E36 /* MultilingualTests */ = {
			isa = PBXNativeTarget;
			buildConfigurationList = B64A97331A79DBCA005B0E36 /* Build configuration list for PBXNativeTarget "MultilingualTests" */;
			buildPhases = (
				B64A97221A79DBCA005B0E36 /* Sources */,
				B64A97231A79DBCA005B0E36 /* Frameworks */,
				B64A97241A79DBCA005B0E36 /* Resources */,
			);
			buildRules = (
			);
			dependencies = (
				B64A97281A79DBCA005B0E36 /* PBXTargetDependency */,
			);
			name = MultilingualTests;
			productName = MultilingualTests;
			productReference = B64A97261A79DBCA005B0E36 /* MultilingualTests.xctest */;
			productType = "com.apple.product-type.bundle.unit-test";
		};
/* End PBXNativeTarget section */

/* Begin PBXProject section */
		B64A97051A79DBC9005B0E36 /* Project object */ = {
			isa = PBXProject;
			attributes = {
				LastUpgradeCheck = 0610;
				ORGANIZATIONNAME = Bingjie;
				TargetAttributes = {
					B64A970C1A79DBC9005B0E36 = {
						CreatedOnToolsVersion = 6.1.1;
					};
					B64A97251A79DBCA005B0E36 = {
						CreatedOnToolsVersion = 6.1.1;
						TestTargetID = B64A970C1A79DBC9005B0E36;
					};
				};
			};
			buildConfigurationList = B64A97081A79DBC9005B0E36 /* Build configuration list for PBXProject "Multilingual" */;
			compatibilityVersion = "Xcode 3.2";
			developmentRegion = English;
			hasScannedForEncodings = 0;
			knownRegions = (
				Base,
				English,
				"zh-Hans",
			);
			mainGroup = B64A97041A79DBC9005B0E36;
			productRefGroup = B64A970E1A79DBC9005B0E36 /* Products */;
			projectDirPath = "";
			projectRoot = "";
			targets = (
				B64A970C1A79DBC9005B0E36 /* Multilingual */,
				B64A97251A79DBCA005B0E36 /* MultilingualTests */,
			);
		};
/* End PBXProject section */

/* Begin PBXResourcesBuildPhase section */
		B64A970B1A79DBC9005B0E36 /* Resources */ = {
			isa = PBXResourcesBuildPhase;
			buildActionMask = 2147483647;
			files = (
				B64A971C1A79DBCA005B0E36 /* Main.storyboard in Resources */,
				B64A973A1A79DC94005B0E36 /* Localizable.strings in Resources */,
				B64A97211A79DBCA005B0E36 /* LaunchScreen.xib in Resources */,
				B64A973C1A79DC9B005B0E36 /* Info.plist in Resources */,
				B64A971E1A79DBCA005B0E36 /* Images.xcassets in Resources */,
			);
			runOnlyForDeploymentPostprocessing = 0;
		};
		B64A97241A79DBCA005B0E36 /* Resources */ = {
			isa = PBXResourcesBuildPhase;
			buildActionMask = 2147483647;
			files = (
			);
			runOnlyForDeploymentPostprocessing = 0;
		};
/* End PBXResourcesBuildPhase section */

/* Begin PBXSourcesBuildPhase section */
		B64A97091A79DBC9005B0E36 /* Sources */ = {
			isa = PBXSourcesBuildPhase;
			buildActionMask = 2147483647;
			files = (
				B64A97191A79DBCA005B0E36 /* ViewController.m in Sources */,
				B64A97431A79DD54005B0E36 /* Localisator.m in Sources */,
				B64A97161A79DBC9005B0E36 /* AppDelegate.m in Sources */,
				B64A97131A79DBC9005B0E36 /* main.m in Sources */,
			);
			runOnlyForDeploymentPostprocessing = 0;
		};
		B64A97221A79DBCA005B0E36 /* Sources */ = {
			isa = PBXSourcesBuildPhase;
			buildActionMask = 2147483647;
			files = (
				B64A972D1A79DBCA005B0E36 /* MultilingualTests.m in Sources */,
			);
			runOnlyForDeploymentPostprocessing = 0;
		};
/* End PBXSourcesBuildPhase section */

/* Begin PBXTargetDependency section */
		B64A97281A79DBCA005B0E36 /* PBXTargetDependency */ = {
			isa = PBXTargetDependency;
			target = B64A970C1A79DBC9005B0E36 /* Multilingual */;
			targetProxy = B64A97271A79DBCA005B0E36 /* PBXContainerItemProxy */;
		};
/* End PBXTargetDependency section */

/* Begin PBXVariantGroup section */
		B64A971A1A79DBCA005B0E36 /* Main.storyboard */ = {
			isa = PBXVariantGroup;
			children = (
				B64A971B1A79DBCA005B0E36 /* Base */,
			);
			name = Main.storyboard;
			sourceTree = "<group>";
		};
		B64A971F1A79DBCA005B0E36 /* LaunchScreen.xib */ = {
			isa = PBXVariantGroup;
			children = (
				B64A97201A79DBCA005B0E36 /* Base */,
			);
			name = LaunchScreen.xib;
			sourceTree = "<group>";
		};
		B64A97381A79DC94005B0E36 /* Localizable.strings */ = {
			isa = PBXVariantGroup;
			children = (
				B64A973B1A79DC9B005B0E36 /* zh-Hans */,
				B64A973F1A79DD35005B0E36 /* English */,
			);
			name = Localizable.strings;
			sourceTree = "<group>";
		};
/* End PBXVariantGroup section */

/* Begin XCBuildConfiguration section */
		B64A972E1A79DBCA005B0E36 /* Debug */ = {
			isa = XCBuildConfiguration;
			buildSettings = {
				ALWAYS_SEARCH_USER_PATHS = NO;
				CLANG_CXX_LANGUAGE_STANDARD = "gnu++0x";
				CLANG_CXX_LIBRARY = "libc++";
				CLANG_ENABLE_MODULES = YES;
				CLANG_ENABLE_OBJC_ARC = YES;
				CLANG_WARN_BOOL_CONVERSION = YES;
				CLANG_WARN_CONSTANT_CONVERSION = YES;
				CLANG_WARN_DIRECT_OBJC_ISA_USAGE = YES_ERROR;
				CLANG_WARN_EMPTY_BODY = YES;
				CLANG_WARN_ENUM_CONVERSION = YES;
				CLANG_WARN_INT_CONVERSION = YES;
				CLANG_WARN_OBJC_ROOT_CLASS = YES_ERROR;
				CLANG_WARN_UNREACHABLE_CODE = YES;
				CLANG_WARN__DUPLICATE_METHOD_MATCH = YES;
				"CODE_SIGN_IDENTITY[sdk=iphoneos*]" = "iPhone Developer";
				COPY_PHASE_STRIP = NO;
				ENABLE_STRICT_OBJC_MSGSEND = YES;
				GCC_C_LANGUAGE_STANDARD = gnu99;
				GCC_DYNAMIC_NO_PIC = NO;
				GCC_OPTIMIZATION_LEVEL = 0;
				GCC_PREPROCESSOR_DEFINITIONS = (
					"DEBUG=1",
					"$(inherited)",
				);
				GCC_SYMBOLS_PRIVATE_EXTERN = NO;
				GCC_WARN_64_TO_32_BIT_CONVERSION = YES;
				GCC_WARN_ABOUT_RETURN_TYPE = YES_ERROR;
				GCC_WARN_UNDECLARED_SELECTOR = YES;
				GCC_WARN_UNINITIALIZED_AUTOS = YES_AGGRESSIVE;
				GCC_WARN_UNUSED_FUNCTION = YES;
				GCC_WARN_UNUSED_VARIABLE = YES;
				IPHONEOS_DEPLOYMENT_TARGET = 8.1;
				MTL_ENABLE_DEBUG_INFO = YES;
				ONLY_ACTIVE_ARCH = YES;
				SDKROOT = iphoneos;
			};
			name = Debug;
		};
		B64A972F1A79DBCA005B0E36 /* Release */ = {
			isa = XCBuildConfiguration;
			buildSettings = {
				ALWAYS_SEARCH_USER_PATHS = NO;
				CLANG_CXX_LANGUAGE_STANDARD = "gnu++0x";
				CLANG_CXX_LIBRARY = "libc++";
				CLANG_ENABLE_MODULES = YES;
				CLANG_ENABLE_OBJC_ARC = YES;
				CLANG_WARN_BOOL_CONVERSION = YES;
				CLANG_WARN_CONSTANT_CONVERSION = YES;
				CLANG_WARN_DIRECT_OBJC_ISA_USAGE = YES_ERROR;
				CLANG_WARN_EMPTY_BODY = YES;
				CLANG_WARN_ENUM_CONVERSION = YES;
				CLANG_WARN_INT_CONVERSION = YES;
				CLANG_WARN_OBJC_ROOT_CLASS = YES_ERROR;
				CLANG_WARN_UNREACHABLE_CODE = YES;
				CLANG_WARN__DUPLICATE_METHOD_MATCH = YES;
				"CODE_SIGN_IDENTITY[sdk=iphoneos*]" = "iPhone Developer";
				COPY_PHASE_STRIP = YES;
				ENABLE_NS_ASSERTIONS = NO;
				ENABLE_STRICT_OBJC_MSGSEND = YES;
				GCC_C_LANGUAGE_STANDARD = gnu99;
				GCC_WARN_64_TO_32_BIT_CONVERSION = YES;
				GCC_WARN_ABOUT_RETURN_TYPE = YES_ERROR;
				GCC_WARN_UNDECLARED_SELECTOR = YES;
				GCC_WARN_UNINITIALIZED_AUTOS = YES_AGGRESSIVE;
				GCC_WARN_UNUSED_FUNCTION = YES;
				GCC_WARN_UNUSED_VARIABLE = YES;
				IPHONEOS_DEPLOYMENT_TARGET = 8.1;
				MTL_ENABLE_DEBUG_INFO = NO;
				SDKROOT = iphoneos;
				VALIDATE_PRODUCT = YES;
			};
			name = Release;
		};
		B64A97311A79DBCA005B0E36 /* Debug */ = {
			isa = XCBuildConfiguration;
			buildSettings = {
				ASSETCATALOG_COMPILER_APPICON_NAME = AppIcon;
				INFOPLIST_FILE = Multilingual/Info.plist;
				LD_RUNPATH_SEARCH_PATHS = "$(inherited) @executable_path/Frameworks";
				PRODUCT_NAME = "$(TARGET_NAME)";
			};
			name = Debug;
		};
		B64A97321A79DBCA005B0E36 /* Release */ = {
			isa = XCBuildConfiguration;
			buildSettings = {
				ASSETCATALOG_COMPILER_APPICON_NAME = AppIcon;
				INFOPLIST_FILE = Multilingual/Info.plist;
				LD_RUNPATH_SEARCH_PATHS = "$(inherited) @executable_path/Frameworks";
				PRODUCT_NAME = "$(TARGET_NAME)";
			};
			name = Release;
		};
		B64A97341A79DBCA005B0E36 /* Debug */ = {
			isa = XCBuildConfiguration;
			buildSettings = {
				BUNDLE_LOADER = "$(TEST_HOST)";
				FRAMEWORK_SEARCH_PATHS = (
					"$(SDKROOT)/Developer/Library/Frameworks",
					"$(inherited)",
				);
				GCC_PREPROCESSOR_DEFINITIONS = (
					"DEBUG=1",
					"$(inherited)",
				);
				INFOPLIST_FILE = MultilingualTests/Info.plist;
				LD_RUNPATH_SEARCH_PATHS = "$(inherited) @executable_path/Frameworks @loader_path/Frameworks";
				PRODUCT_NAME = "$(TARGET_NAME)";
				TEST_HOST = "$(BUILT_PRODUCTS_DIR)/Multilingual.app/Multilingual";
			};
			name = Debug;
		};
		B64A97351A79DBCA005B0E36 /* Release */ = {
			isa = XCBuildConfiguration;
			buildSettings = {
				BUNDLE_LOADER = "$(TEST_HOST)";
				FRAMEWORK_SEARCH_PATHS = (
					"$(SDKROOT)/Developer/Library/Frameworks",
					"$(inherited)",
				);
				INFOPLIST_FILE = MultilingualTests/Info.plist;
				LD_RUNPATH_SEARCH_PATHS = "$(inherited) @executable_path/Frameworks @loader_path/Frameworks";
				PRODUCT_NAME = "$(TARGET_NAME)";
				TEST_HOST = "$(BUILT_PRODUCTS_DIR)/Multilingual.app/Multilingual";
			};
			name = Release;
		};
/* End XCBuildConfiguration section */

/* Begin XCConfigurationList section */
		B64A97081A79DBC9005B0E36 /* Build configuration list for PBXProject "Multilingual" */ = {
			isa = XCConfigurationList;
			buildConfigurations = (
				B64A972E1A79DBCA005B0E36 /* Debug */,
				B64A972F1A79DBCA005B0E36 /* Release */,
			);
			defaultConfigurationIsVisible = 0;
			defaultConfigurationName = Release;
		};
		B64A97301A79DBCA005B0E36 /* Build configuration list for PBXNativeTarget "Multilingual" */ = {
			isa = XCConfigurationList;
			buildConfigurations = (
				B64A97311A79DBCA005B0E36 /* Debug */,
				B64A97321A79DBCA005B0E36 /* Release */,
			);
			defaultConfigurationIsVisible = 0;
			defaultConfigurationName = Release;
		};
		B64A97331A79DBCA005B0E36 /* Build configuration list for PBXNativeTarget "MultilingualTests" */ = {
			isa = XCConfigurationList;
			buildConfigurations = (
				B64A97341A79DBCA005B0E36 /* Debug */,
				B64A97351A79DBCA005B0E36 /* Release */,
			);
			defaultConfigurationIsVisible = 0;
			defaultConfigurationName = Release;
		};
/* End XCConfigurationList section */
	};
	rootObject = B64A97051A79DBC9005B0E36 /* Project object */;
}
